// !$*UTF8*$!
{
	archiveVersion = 1;
	classes = {
	};
	objectVersion = 55;
	objects = {

/* Begin PBXBuildFile section */
		7894918928205BA3009EF728 /* AppDelegate.swift in Sources */ = {isa = PBXBuildFile; fileRef = 7894918828205BA3009EF728 /* AppDelegate.swift */; };
		7894918B28205BA3009EF728 /* SceneDelegate.swift in Sources */ = {isa = PBXBuildFile; fileRef = 7894918A28205BA3009EF728 /* SceneDelegate.swift */; };
		7894919028205BA3009EF728 /* Main.storyboard in Resources */ = {isa = PBXBuildFile; fileRef = 7894918E28205BA3009EF728 /* Main.storyboard */; };
		7894919228205BA4009EF728 /* Assets.xcassets in Resources */ = {isa = PBXBuildFile; fileRef = 7894919128205BA4009EF728 /* Assets.xcassets */; };
		7894919528205BA4009EF728 /* LaunchScreen.storyboard in Resources */ = {isa = PBXBuildFile; fileRef = 7894919328205BA4009EF728 /* LaunchScreen.storyboard */; };
		789491A028206025009EF728 /* Journal.swift in Sources */ = {isa = PBXBuildFile; fileRef = 7894919F28206025009EF728 /* Journal.swift */; };
		789491A2282060EC009EF728 /* Entries.swift in Sources */ = {isa = PBXBuildFile; fileRef = 789491A1282060EC009EF728 /* Entries.swift */; };
		789491A6282062A3009EF728 /* JournalController.swift in Sources */ = {isa = PBXBuildFile; fileRef = 789491A5282062A3009EF728 /* JournalController.swift */; };
		789491A82820676E009EF728 /* EntryController.swift in Sources */ = {isa = PBXBuildFile; fileRef = 789491A72820676E009EF728 /* EntryController.swift */; };
/* End PBXBuildFile section */

/* Begin PBXFileReference section */
		7894918528205BA3009EF728 /* Journal.app */ = {isa = PBXFileReference; explicitFileType = wrapper.application; includeInIndex = 0; path = Journal.app; sourceTree = BUILT_PRODUCTS_DIR; };
		7894918828205BA3009EF728 /* AppDelegate.swift */ = {isa = PBXFileReference; lastKnownFileType = sourcecode.swift; path = AppDelegate.swift; sourceTree = "<group>"; };
		7894918A28205BA3009EF728 /* SceneDelegate.swift */ = {isa = PBXFileReference; lastKnownFileType = sourcecode.swift; path = SceneDelegate.swift; sourceTree = "<group>"; };
		7894918F28205BA3009EF728 /* Base */ = {isa = PBXFileReference; lastKnownFileType = file.storyboard; name = Base; path = Base.lproj/Main.storyboard; sourceTree = "<group>"; };
		7894919128205BA4009EF728 /* Assets.xcassets */ = {isa = PBXFileReference; lastKnownFileType = folder.assetcatalog; path = Assets.xcassets; sourceTree = "<group>"; };
		7894919428205BA4009EF728 /* Base */ = {isa = PBXFileReference; lastKnownFileType = file.storyboard; name = Base; path = Base.lproj/LaunchScreen.storyboard; sourceTree = "<group>"; };
		7894919628205BA4009EF728 /* Info.plist */ = {isa = PBXFileReference; lastKnownFileType = text.plist.xml; name = Info.plist; path = Journal/Resources/Info.plist; sourceTree = SOURCE_ROOT; };
		7894919F28206025009EF728 /* Journal.swift */ = {isa = PBXFileReference; lastKnownFileType = sourcecode.swift; path = Journal.swift; sourceTree = "<group>"; };
		789491A1282060EC009EF728 /* Entries.swift */ = {isa = PBXFileReference; lastKnownFileType = sourcecode.swift; path = Entries.swift; sourceTree = "<group>"; };
		789491A5282062A3009EF728 /* JournalController.swift */ = {isa = PBXFileReference; lastKnownFileType = sourcecode.swift; path = JournalController.swift; sourceTree = "<group>"; };
		789491A72820676E009EF728 /* EntryController.swift */ = {isa = PBXFileReference; lastKnownFileType = sourcecode.swift; path = EntryController.swift; sourceTree = "<group>"; };
/* End PBXFileReference section */

/* Begin PBXFrameworksBuildPhase section */
		7894918228205BA3009EF728 /* Frameworks */ = {
			isa = PBXFrameworksBuildPhase;
			buildActionMask = 2147483647;
			files = (
			);
			runOnlyForDeploymentPostprocessing = 0;
		};
/* End PBXFrameworksBuildPhase section */

/* Begin PBXGroup section */
		7894917C28205BA3009EF728 = {
			isa = PBXGroup;
			children = (
				7894918728205BA3009EF728 /* Journal */,
				7894918628205BA3009EF728 /* Products */,
			);
			sourceTree = "<group>";
		};
		7894918628205BA3009EF728 /* Products */ = {
			isa = PBXGroup;
			children = (
				7894918528205BA3009EF728 /* Journal.app */,
			);
			name = Products;
			sourceTree = "<group>";
		};
		7894918728205BA3009EF728 /* Journal */ = {
			isa = PBXGroup;
			children = (
				789491A428206211009EF728 /* Model Controllers */,
				789491A3282061C1009EF728 /* Resources */,
				7894919E28206003009EF728 /* Model */,
				7894918E28205BA3009EF728 /* Main.storyboard */,
				7894919328205BA4009EF728 /* LaunchScreen.storyboard */,
			);
			path = Journal;
			sourceTree = "<group>";
		};
		7894919E28206003009EF728 /* Model */ = {
			isa = PBXGroup;
			children = (
				7894919F28206025009EF728 /* Journal.swift */,
				789491A1282060EC009EF728 /* Entries.swift */,
			);
			path = Model;
			sourceTree = "<group>";
		};
		789491A3282061C1009EF728 /* Resources */ = {
			isa = PBXGroup;
			children = (
				7894918828205BA3009EF728 /* AppDelegate.swift */,
				7894918A28205BA3009EF728 /* SceneDelegate.swift */,
				7894919128205BA4009EF728 /* Assets.xcassets */,
				7894919628205BA4009EF728 /* Info.plist */,
			);
			path = Resources;
			sourceTree = "<group>";
		};
		789491A428206211009EF728 /* Model Controllers */ = {
			isa = PBXGroup;
			children = (
				789491A5282062A3009EF728 /* JournalController.swift */,
				789491A72820676E009EF728 /* EntryController.swift */,
			);
			path = "Model Controllers";
			sourceTree = "<group>";
		};
/* End PBXGroup section */

/* Begin PBXNativeTarget section */
		7894918428205BA3009EF728 /* Journal */ = {
			isa = PBXNativeTarget;
			buildConfigurationList = 7894919928205BA4009EF728 /* Build configuration list for PBXNativeTarget "Journal" */;
			buildPhases = (
				7894918128205BA3009EF728 /* Sources */,
				7894918228205BA3009EF728 /* Frameworks */,
				7894918328205BA3009EF728 /* Resources */,
			);
			buildRules = (
			);
			dependencies = (
			);
			name = Journal;
			productName = Journal;
			productReference = 7894918528205BA3009EF728 /* Journal.app */;
			productType = "com.apple.product-type.application";
		};
/* End PBXNativeTarget section */

/* Begin PBXProject section */
		7894917D28205BA3009EF728 /* Project object */ = {
			isa = PBXProject;
			attributes = {
				BuildIndependentTargetsInParallel = 1;
				LastSwiftUpdateCheck = 1330;
				LastUpgradeCheck = 1330;
				TargetAttributes = {
					7894918428205BA3009EF728 = {
						CreatedOnToolsVersion = 13.3.1;
					};
				};
			};
			buildConfigurationList = 7894918028205BA3009EF728 /* Build configuration list for PBXProject "Journal" */;
			compatibilityVersion = "Xcode 13.0";
			developmentRegion = en;
			hasScannedForEncodings = 0;
			knownRegions = (
				en,
				Base,
			);
			mainGroup = 7894917C28205BA3009EF728;
			productRefGroup = 7894918628205BA3009EF728 /* Products */;
			projectDirPath = "";
			projectRoot = "";
			targets = (
				7894918428205BA3009EF728 /* Journal */,
			);
		};
/* End PBXProject section */

/* Begin PBXResourcesBuildPhase section */
		7894918328205BA3009EF728 /* Resources */ = {
			isa = PBXResourcesBuildPhase;
			buildActionMask = 2147483647;
			files = (
				7894919528205BA4009EF728 /* LaunchScreen.storyboard in Resources */,
				7894919228205BA4009EF728 /* Assets.xcassets in Resources */,
				7894919028205BA3009EF728 /* Main.storyboard in Resources */,
			);
			runOnlyForDeploymentPostprocessing = 0;
		};
/* End PBXResourcesBuildPhase section */

/* Begin PBXSourcesBuildPhase section */
		7894918128205BA3009EF728 /* Sources */ = {
			isa = PBXSourcesBuildPhase;
			buildActionMask = 2147483647;
			files = (
				789491A82820676E009EF728 /* EntryController.swift in Sources */,
				789491A6282062A3009EF728 /* JournalController.swift in Sources */,
				7894918928205BA3009EF728 /* AppDelegate.swift in Sources */,
				7894918B28205BA3009EF728 /* SceneDelegate.swift in Sources */,
				789491A2282060EC009EF728 /* Entries.swift in Sources */,
				789491A028206025009EF728 /* Journal.swift in Sources */,
			);
			runOnlyForDeploymentPostprocessing = 0;
		};
/* End PBXSourcesBuildPhase section */

/* Begin PBXVariantGroup section */
		7894918E28205BA3009EF728 /* Main.storyboard */ = {
			isa = PBXVariantGroup;
			children = (
				7894918F28205BA3009EF728 /* Base */,
			);
			name = Main.storyboard;
			sourceTree = "<group>";
		};
		7894919328205BA4009EF728 /* LaunchScreen.storyboard */ = {
			isa = PBXVariantGroup;
			children = (
				7894919428205BA4009EF728 /* Base */,
			);
			name = LaunchScreen.storyboard;
			sourceTree = "<group>";
		};
/* End PBXVariantGroup section */

/* Begin XCBuildConfiguration section */
		7894919728205BA4009EF728 /* Debug */ = {
			isa = XCBuildConfiguration;
			buildSettings = {
				ALWAYS_SEARCH_USER_PATHS = NO;
				CLANG_ANALYZER_NONNULL = YES;
				CLANG_ANALYZER_NUMBER_OBJECT_CONVERSION = YES_AGGRESSIVE;
				CLANG_CXX_LANGUAGE_STANDARD = "gnu++17";
				CLANG_ENABLE_MODULES = YES;
				CLANG_ENABLE_OBJC_ARC = YES;
				CLANG_ENABLE_OBJC_WEAK = YES;
				CLANG_WARN_BLOCK_CAPTURE_AUTORELEASING = YES;
				CLANG_WARN_BOOL_CONVERSION = YES;
				CLANG_WARN_COMMA = YES;
				CLANG_WARN_CONSTANT_CONVERSION = YES;
				CLANG_WARN_DEPRECATED_OBJC_IMPLEMENTATIONS = YES;
				CLANG_WARN_DIRECT_OBJC_ISA_USAGE = YES_ERROR;
				CLANG_WARN_DOCUMENTATION_COMMENTS = YES;
				CLANG_WARN_EMPTY_BODY = YES;
				CLANG_WARN_ENUM_CONVERSION = YES;
				CLANG_WARN_INFINITE_RECURSION = YES;
				CLANG_WARN_INT_CONVERSION = YES;
				CLANG_WARN_NON_LITERAL_NULL_CONVERSION = YES;
				CLANG_WARN_OBJC_IMPLICIT_RETAIN_SELF = YES;
				CLANG_WARN_OBJC_LITERAL_CONVERSION = YES;
				CLANG_WARN_OBJC_ROOT_CLASS = YES_ERROR;
				CLANG_WARN_QUOTED_INCLUDE_IN_FRAMEWORK_HEADER = YES;
				CLANG_WARN_RANGE_LOOP_ANALYSIS = YES;
				CLANG_WARN_STRICT_PROTOTYPES = YES;
				CLANG_WARN_SUSPICIOUS_MOVE = YES;
				CLANG_WARN_UNGUARDED_AVAILABILITY = YES_AGGRESSIVE;
				CLANG_WARN_UNREACHABLE_CODE = YES;
				CLANG_WARN__DUPLICATE_METHOD_MATCH = YES;
				COPY_PHASE_STRIP = NO;
				DEBUG_INFORMATION_FORMAT = dwarf;
				ENABLE_STRICT_OBJC_MSGSEND = YES;
				ENABLE_TESTABILITY = YES;
				GCC_C_LANGUAGE_STANDARD = gnu11;
				GCC_DYNAMIC_NO_PIC = NO;
				GCC_NO_COMMON_BLOCKS = YES;
				GCC_OPTIMIZATION_LEVEL = 0;
				GCC_PREPROCESSOR_DEFINITIONS = (
					"DEBUG=1",
					"$(inherited)",
				);
				GCC_WARN_64_TO_32_BIT_CONVERSION = YES;
				GCC_WARN_ABOUT_RETURN_TYPE = YES_ERROR;
				GCC_WARN_UNDECLARED_SELECTOR = YES;
				GCC_WARN_UNINITIALIZED_AUTOS = YES_AGGRESSIVE;
				GCC_WARN_UNUSED_FUNCTION = YES;
				GCC_WARN_UNUSED_VARIABLE = YES;
				IPHONEOS_DEPLOYMENT_TARGET = 15.4;
				MTL_ENABLE_DEBUG_INFO = INCLUDE_SOURCE;
				MTL_FAST_MATH = YES;
				ONLY_ACTIVE_ARCH = YES;
				SDKROOT = iphoneos;
				SWIFT_ACTIVE_COMPILATION_CONDITIONS = DEBUG;
				SWIFT_OPTIMIZATION_LEVEL = "-Onone";
			};
			name = Debug;
		};
		7894919828205BA4009EF728 /* Release */ = {
			isa = XCBuildConfiguration;
			buildSettings = {
				ALWAYS_SEARCH_USER_PATHS = NO;
				CLANG_ANALYZER_NONNULL = YES;
				CLANG_ANALYZER_NUMBER_OBJECT_CONVERSION = YES_AGGRESSIVE;
				CLANG_CXX_LANGUAGE_STANDARD = "gnu++17";
				CLANG_ENABLE_MODULES = YES;
				CLANG_ENABLE_OBJC_ARC = YES;
				CLANG_ENABLE_OBJC_WEAK = YES;
				CLANG_WARN_BLOCK_CAPTURE_AUTORELEASING = YES;
				CLANG_WARN_BOOL_CONVERSION = YES;
				CLANG_WARN_COMMA = YES;
				CLANG_WARN_CONSTANT_CONVERSION = YES;
				CLANG_WARN_DEPRECATED_OBJC_IMPLEMENTATIONS = YES;
				CLANG_WARN_DIRECT_OBJC_ISA_USAGE = YES_ERROR;
				CLANG_WARN_DOCUMENTATION_COMMENTS = YES;
				CLANG_WARN_EMPTY_BODY = YES;
				CLANG_WARN_ENUM_CONVERSION = YES;
				CLANG_WARN_INFINITE_RECURSION = YES;
				CLANG_WARN_INT_CONVERSION = YES;
				CLANG_WARN_NON_LITERAL_NULL_CONVERSION = YES;
				CLANG_WARN_OBJC_IMPLICIT_RETAIN_SELF = YES;
				CLANG_WARN_OBJC_LITERAL_CONVERSION = YES;
				CLANG_WARN_OBJC_ROOT_CLASS = YES_ERROR;
				CLANG_WARN_QUOTED_INCLUDE_IN_FRAMEWORK_HEADER = YES;
				CLANG_WARN_RANGE_LOOP_ANALYSIS = YES;
				CLANG_WARN_STRICT_PROTOTYPES = YES;
				CLANG_WARN_SUSPICIOUS_MOVE = YES;
				CLANG_WARN_UNGUARDED_AVAILABILITY = YES_AGGRESSIVE;
				CLANG_WARN_UNREACHABLE_CODE = YES;
				CLANG_WARN__DUPLICATE_METHOD_MATCH = YES;
				COPY_PHASE_STRIP = NO;
				DEBUG_INFORMATION_FORMAT = "dwarf-with-dsym";
				ENABLE_NS_ASSERTIONS = NO;
				ENABLE_STRICT_OBJC_MSGSEND = YES;
				GCC_C_LANGUAGE_STANDARD = gnu11;
				GCC_NO_COMMON_BLOCKS = YES;
				GCC_WARN_64_TO_32_BIT_CONVERSION = YES;
				GCC_WARN_ABOUT_RETURN_TYPE = YES_ERROR;
				GCC_WARN_UNDECLARED_SELECTOR = YES;
				GCC_WARN_UNINITIALIZED_AUTOS = YES_AGGRESSIVE;
				GCC_WARN_UNUSED_FUNCTION = YES;
				GCC_WARN_UNUSED_VARIABLE = YES;
				IPHONEOS_DEPLOYMENT_TARGET = 15.4;
				MTL_ENABLE_DEBUG_INFO = NO;
				MTL_FAST_MATH = YES;
				SDKROOT = iphoneos;
				SWIFT_COMPILATION_MODE = wholemodule;
				SWIFT_OPTIMIZATION_LEVEL = "-O";
				VALIDATE_PRODUCT = YES;
			};
			name = Release;
		};
		7894919A28205BA4009EF728 /* Debug */ = {
			isa = XCBuildConfiguration;
			buildSettings = {
				ASSETCATALOG_COMPILER_APPICON_NAME = AppIcon;
				ASSETCATALOG_COMPILER_GLOBAL_ACCENT_COLOR_NAME = AccentColor;
				CODE_SIGN_STYLE = Automatic;
				CURRENT_PROJECT_VERSION = 1;
				DEVELOPMENT_TEAM = WXJ275SWUQ;
				GENERATE_INFOPLIST_FILE = YES;
				INFOPLIST_FILE = Journal/Info.plist;
				INFOPLIST_KEY_UIApplicationSupportsIndirectInputEvents = YES;
				INFOPLIST_KEY_UILaunchStoryboardName = LaunchScreen;
				INFOPLIST_KEY_UIMainStoryboardFile = Main;
				INFOPLIST_KEY_UISupportedInterfaceOrientations_iPad = "UIInterfaceOrientationPortrait UIInterfaceOrientationPortraitUpsideDown UIInterfaceOrientationLandscapeLeft UIInterfaceOrientationLandscapeRight";
				INFOPLIST_KEY_UISupportedInterfaceOrientations_iPhone = "UIInterfaceOrientationPortrait UIInterfaceOrientationLandscapeLeft UIInterfaceOrientationLandscapeRight";
				LD_RUNPATH_SEARCH_PATHS = (
					"$(inherited)",
					"@executable_path/Frameworks",
				);
				MARKETING_VERSION = 1.0;
				PRODUCT_BUNDLE_IDENTIFIER = com.HarrisonKleiman.Journal;
				PRODUCT_NAME = "$(TARGET_NAME)";
				SWIFT_EMIT_LOC_STRINGS = YES;
				SWIFT_VERSION = 5.0;
				TARGETED_DEVICE_FAMILY = "1,2";
			};
			name = Debug;
		};
		7894919B28205BA4009EF728 /* Release */ = {
			isa = XCBuildConfiguration;
			buildSettings = {
				ASSETCATALOG_COMPILER_APPICON_NAME = AppIcon;
				ASSETCATALOG_COMPILER_GLOBAL_ACCENT_COLOR_NAME = AccentColor;
				CODE_SIGN_STYLE = Automatic;
				CURRENT_PROJECT_VERSION = 1;
				DEVELOPMENT_TEAM = WXJ275SWUQ;
				GENERATE_INFOPLIST_FILE = YES;
				INFOPLIST_FILE = Journal/Info.plist;
				INFOPLIST_KEY_UIApplicationSupportsIndirectInputEvents = YES;
				INFOPLIST_KEY_UILaunchStoryboardName = LaunchScreen;
				INFOPLIST_KEY_UIMainStoryboardFile = Main;
				INFOPLIST_KEY_UISupportedInterfaceOrientations_iPad = "UIInterfaceOrientationPortrait UIInterfaceOrientationPortraitUpsideDown UIInterfaceOrientationLandscapeLeft UIInterfaceOrientationLandscapeRight";
				INFOPLIST_KEY_UISupportedInterfaceOrientations_iPhone = "UIInterfaceOrientationPortrait UIInterfaceOrientationLandscapeLeft UIInterfaceOrientationLandscapeRight";
				LD_RUNPATH_SEARCH_PATHS = (
					"$(inherited)",
					"@executable_path/Frameworks",
				);
				MARKETING_VERSION = 1.0;
				PRODUCT_BUNDLE_IDENTIFIER = com.HarrisonKleiman.Journal;
				PRODUCT_NAME = "$(TARGET_NAME)";
				SWIFT_EMIT_LOC_STRINGS = YES;
				SWIFT_VERSION = 5.0;
				TARGETED_DEVICE_FAMILY = "1,2";
			};
			name = Release;
		};
/* End XCBuildConfiguration section */

/* Begin XCConfigurationList section */
		7894918028205BA3009EF728 /* Build configuration list for PBXProject "Journal" */ = {
			isa = XCConfigurationList;
			buildConfigurations = (
				7894919728205BA4009EF728 /* Debug */,
				7894919828205BA4009EF728 /* Release */,
			);
			defaultConfigurationIsVisible = 0;
			defaultConfigurationName = Release;
		};
		7894919928205BA4009EF728 /* Build configuration list for PBXNativeTarget "Journal" */ = {
			isa = XCConfigurationList;
			buildConfigurations = (
				7894919A28205BA4009EF728 /* Debug */,
				7894919B28205BA4009EF728 /* Release */,
			);
			defaultConfigurationIsVisible = 0;
			defaultConfigurationName = Release;
		};
/* End XCConfigurationList section */
	};
	rootObject = 7894917D28205BA3009EF728 /* Project object */;
}
